{
    "_readme": [
        "This file locks the dependencies of your project to a known state",
        "Read more about it at https://getcomposer.org/doc/01-basic-usage.md#composer-lock-the-lock-file",
        "This file is @generated automatically"
    ],
    "hash": "168fb0cfad2f6c3570b15e76764da253",
    "content-hash": "c20c4394dc2b6bc77ae603df8bb07fa7",
    "packages": [],
    "packages-dev": [
        {
            "name": "phalcon/devtools",
            "version": "v3.0.4",
            "source": {
                "type": "git",
                "url": "https://github.com/phalcon/phalcon-devtools.git",
                "reference": "8545d2d22ffcad306a6f5ee0499aff3445232994"
            },
            "dist": {
                "type": "zip",
                "url": "https://api.github.com/repos/phalcon/phalcon-devtools/zipball/8545d2d22ffcad306a6f5ee0499aff3445232994",
                "reference": "8545d2d22ffcad306a6f5ee0499aff3445232994",
                "shasum": ""
            },
            "require": {
                "ext-phalcon": "^3.0",
                "php": ">=5.5"
            },
            "require-dev": {
                "kherge/box": "^2.7"
            },
            "bin": [
                "phalcon.php"
            ],
            "type": "library",
            "autoload": {
                "psr-4": {
                    "Phalcon\\": "scripts/Phalcon/"
                }
            },
            "notification-url": "https://packagist.org/downloads/",
            "license": [
                "BSD-3-Clause"
            ],
            "authors": [
                {
                    "name": "Phalcon Team",
                    "email": "team@phalconphp.com",
                    "homepage": "https://phalconphp.com/en/team"
                },
                {
                    "name": "Contributors",
                    "homepage": "https://github.com/phalcon/phalcon-devtools/graphs/contributors"
                }
            ],
            "description": "This tools provide you useful scripts to generate code helping to develop faster and easy applications that use with Phalcon framework.",
            "homepage": "https://phalconphp.com",
            "keywords": [
                "Devtools",
                "framework",
                "phalcon",
                "phar",
                "webtools"
            ],
            "time": "2016-12-24 22:29:31"
        }
    ],
    "aliases": [],
    "minimum-stability": "stable",
    "stability-flags": [],
    "prefer-stable": false,
    "prefer-lowest": false,
    "platform": [],
    "platform-dev": []
}
